
Microsoft Visual Studio Solution File, Format Version 12.00
# Visual Studio 15
VisualStudioVersion = 15.0.27130.2026
MinimumVisualStudioVersion = 10.0.40219.1
Project("{FAE04EC0-301F-11D3-BF4B-00C04F79EFBC}") = "OperatingSystem", "OperatingSystem\OperatingSystem.csproj", "{3F393DC8-30A9-4924-B254-957EB29C3BFF}"
EndProject
Global
	GlobalSection(SolutionConfigurationPlatforms) = preSolution
		Debug|Any CPU = Debug|Any CPU
		Release|Any CPU = Release|Any CPU
	EndGlobalSection
	GlobalSection(ProjectConfigurationPlatforms) = postSolution
		{3F393DC8-30A9-4924-B254-957EB29C3BFF}.Debug|Any CPU.ActiveCfg = Debug|Any CPU
		{3F393DC8-30A9-4924-B254-957EB29C3BFF}.Debug|Any CPU.Build.0 = Debug|Any CPU
		{3F393DC8-30A9-4924-B254-957EB29C3BFF}.Release|Any CPU.ActiveCfg = Release|Any CPU
		{3F393DC8-30A9-4924-B254-957EB29C3BFF}.Release|Any CPU.Build.0 = Release|Any CPU
	EndGlobalSection
	GlobalSection(SolutionProperties) = preSolution
		HideSolutionNode = FALSE
	EndGlobalSection
	GlobalSection(ExtensibilityGlobals) = postSolution
		SolutionGuid = {9DFD61FA-3E4B-4A0C-B5C1-0CC32CE42CBB}
	EndGlobalSection
EndGlobal
